
Microsoft Visual Studio Solution File, Format Version 12.00
# Visual Studio Version 16
VisualStudioVersion = 16.0.32228.343
MinimumVisualStudioVersion = 10.0.40219.1
Project("{FAE04EC0-301F-11D3-BF4B-00C04F79EFBC}") = "forLoop", "forLoop\forLoop.csproj", "{3BEBE17C-B00F-4671-8B2E-D668C79CBFDE}"
EndProject
Global
	GlobalSection(SolutionConfigurationPlatforms) = preSolution
		Debug|Any CPU = Debug|Any CPU
		Release|Any CPU = Release|Any CPU
	EndGlobalSection
	GlobalSection(ProjectConfigurationPlatforms) = postSolution
		{3BEBE17C-B00F-4671-8B2E-D668C79CBFDE}.Debug|Any CPU.ActiveCfg = Debug|Any CPU
		{3BEBE17C-B00F-4671-8B2E-D668C79CBFDE}.Debug|Any CPU.Build.0 = Debug|Any CPU
		{3BEBE17C-B00F-4671-8B2E-D668C79CBFDE}.Release|Any CPU.ActiveCfg = Release|Any CPU
		{3BEBE17C-B00F-4671-8B2E-D668C79CBFDE}.Release|Any CPU.Build.0 = Release|Any CPU
	EndGlobalSection
	GlobalSection(SolutionProperties) = preSolution
		HideSolutionNode = FALSE
	EndGlobalSection
	GlobalSection(ExtensibilityGlobals) = postSolution
		SolutionGuid = {3878DEBC-A2FE-4280-A612-116D391A3157}
	EndGlobalSection
EndGlobal
